
Microsoft Visual Studio Solution File, Format Version 12.00
# Visual Studio Version 17
VisualStudioVersion = 17.3.32714.290
MinimumVisualStudioVersion = 10.0.40219.1
Project("{9A19103F-16F7-4668-BE54-9A1E7A4F7556}") = "DoDo.Open.ChatGPT", "DoDo.Open.ChatGPT\DoDo.Open.ChatGPT.csproj", "{C3AFF65C-A19E-4AA9-8D62-150BE13CBAB1}"
EndProject
Global
	GlobalSection(SolutionConfigurationPlatforms) = preSolution
		Debug|Any CPU = Debug|Any CPU
		Release|Any CPU = Release|Any CPU
	EndGlobalSection
	GlobalSection(ProjectConfigurationPlatforms) = postSolution
		{C3AFF65C-A19E-4AA9-8D62-150BE13CBAB1}.Debug|Any CPU.ActiveCfg = Debug|Any CPU
		{C3AFF65C-A19E-4AA9-8D62-150BE13CBAB1}.Debug|Any CPU.Build.0 = Debug|Any CPU
		{C3AFF65C-A19E-4AA9-8D62-150BE13CBAB1}.Release|Any CPU.ActiveCfg = Release|Any CPU
		{C3AFF65C-A19E-4AA9-8D62-150BE13CBAB1}.Release|Any CPU.Build.0 = Release|Any CPU
	EndGlobalSection
	GlobalSection(SolutionProperties) = preSolution
		HideSolutionNode = FALSE
	EndGlobalSection
	GlobalSection(ExtensibilityGlobals) = postSolution
		SolutionGuid = {F8FB273A-A74A-499B-BF76-78B90447FD62}
	EndGlobalSection
EndGlobal
